
Microsoft Visual Studio Solution File, Format Version 12.00
Project("{FAE04EC0-301F-11D3-BF4B-00C04F79EFBC}") = "HR.API", "HR.API\HR.API.csproj", "{F638344B-3D17-41BC-85AF-FF76E43B3DB1}"
EndProject
Project("{FAE04EC0-301F-11D3-BF4B-00C04F79EFBC}") = "HR.Domain", "HR.Domain\HR.Domain.csproj", "{84B87558-A73F-473C-A736-02EFBA0892D0}"
EndProject
Project("{FAE04EC0-301F-11D3-BF4B-00C04F79EFBC}") = "HR.Application", "HR.Application\HR.Application.csproj", "{68372A22-0308-4553-BD26-483F14DC56B5}"
EndProject
Project("{FAE04EC0-301F-11D3-BF4B-00C04F79EFBC}") = "HR.Infrastructure", "HR.Infrastructure\HR.Infrastructure.csproj", "{E3300030-8B02-4976-AC8A-5F76BF021C48}"
EndProject
Project("{FAE04EC0-301F-11D3-BF4B-00C04F79EFBC}") = "HR.Evaluation", "HR.Evaluation\HR.Evaluation.csproj", "{C8BB65D9-8878-4D7C-99D7-0CAF4915CA08}"
EndProject
Project("{FAE04EC0-301F-11D3-BF4B-00C04F79EFBC}") = "HR.Tests", "HR.Tests\HR.Tests.csproj", "{FB97A7CF-EA7F-45DE-8DDD-1877A2331C1C}"
EndProject
Global
	GlobalSection(SolutionConfigurationPlatforms) = preSolution
		Debug|Any CPU = Debug|Any CPU
		Debug|x64 = Debug|x64
		Debug|x86 = Debug|x86
		Release|Any CPU = Release|Any CPU
		Release|x64 = Release|x64
		Release|x86 = Release|x86
	EndGlobalSection
	GlobalSection(ProjectConfigurationPlatforms) = postSolution
		{F638344B-3D17-41BC-85AF-FF76E43B3DB1}.Debug|Any CPU.ActiveCfg = Debug|Any CPU
		{F638344B-3D17-41BC-85AF-FF76E43B3DB1}.Debug|Any CPU.Build.0 = Debug|Any CPU
		{F638344B-3D17-41BC-85AF-FF76E43B3DB1}.Debug|x64.ActiveCfg = Debug|Any CPU
		{F638344B-3D17-41BC-85AF-FF76E43B3DB1}.Debug|x64.Build.0 = Debug|Any CPU
		{F638344B-3D17-41BC-85AF-FF76E43B3DB1}.Debug|x86.ActiveCfg = Debug|Any CPU
		{F638344B-3D17-41BC-85AF-FF76E43B3DB1}.Debug|x86.Build.0 = Debug|Any CPU
		{F638344B-3D17-41BC-85AF-FF76E43B3DB1}.Release|Any CPU.ActiveCfg = Release|Any CPU
		{F638344B-3D17-41BC-85AF-FF76E43B3DB1}.Release|Any CPU.Build.0 = Release|Any CPU
		{F638344B-3D17-41BC-85AF-FF76E43B3DB1}.Release|x64.ActiveCfg = Release|Any CPU
		{F638344B-3D17-41BC-85AF-FF76E43B3DB1}.Release|x64.Build.0 = Release|Any CPU
		{F638344B-3D17-41BC-85AF-FF76E43B3DB1}.Release|x86.ActiveCfg = Release|Any CPU
		{F638344B-3D17-41BC-85AF-FF76E43B3DB1}.Release|x86.Build.0 = Release|Any CPU
		{84B87558-A73F-473C-A736-02EFBA0892D0}.Debug|Any CPU.ActiveCfg = Debug|Any CPU
		{84B87558-A73F-473C-A736-02EFBA0892D0}.Debug|Any CPU.Build.0 = Debug|Any CPU
		{84B87558-A73F-473C-A736-02EFBA0892D0}.Debug|x64.ActiveCfg = Debug|Any CPU
		{84B87558-A73F-473C-A736-02EFBA0892D0}.Debug|x64.Build.0 = Debug|Any CPU
		{84B87558-A73F-473C-A736-02EFBA0892D0}.Debug|x86.ActiveCfg = Debug|Any CPU
		{84B87558-A73F-473C-A736-02EFBA0892D0}.Debug|x86.Build.0 = Debug|Any CPU
		{84B87558-A73F-473C-A736-02EFBA0892D0}.Release|Any CPU.ActiveCfg = Release|Any CPU
		{84B87558-A73F-473C-A736-02EFBA0892D0}.Release|Any CPU.Build.0 = Release|Any CPU
		{84B87558-A73F-473C-A736-02EFBA0892D0}.Release|x64.ActiveCfg = Release|Any CPU
		{84B87558-A73F-473C-A736-02EFBA0892D0}.Release|x64.Build.0 = Release|Any CPU
		{84B87558-A73F-473C-A736-02EFBA0892D0}.Release|x86.ActiveCfg = Release|Any CPU
		{84B87558-A73F-473C-A736-02EFBA0892D0}.Release|x86.Build.0 = Release|Any CPU
		{68372A22-0308-4553-BD26-483F14DC56B5}.Debug|Any CPU.ActiveCfg = Debug|Any CPU
		{68372A22-0308-4553-BD26-483F14DC56B5}.Debug|Any CPU.Build.0 = Debug|Any CPU
		{68372A22-0308-4553-BD26-483F14DC56B5}.Debug|x64.ActiveCfg = Debug|Any CPU
		{68372A22-0308-4553-BD26-483F14DC56B5}.Debug|x64.Build.0 = Debug|Any CPU
		{68372A22-0308-4553-BD26-483F14DC56B5}.Debug|x86.ActiveCfg = Debug|Any CPU
		{68372A22-0308-4553-BD26-483F14DC56B5}.Debug|x86.Build.0 = Debug|Any CPU
		{68372A22-0308-4553-BD26-483F14DC56B5}.Release|Any CPU.ActiveCfg = Release|Any CPU
		{68372A22-0308-4553-BD26-483F14DC56B5}.Release|Any CPU.Build.0 = Release|Any CPU
		{68372A22-0308-4553-BD26-483F14DC56B5}.Release|x64.ActiveCfg = Release|Any CPU
		{68372A22-0308-4553-BD26-483F14DC56B5}.Release|x64.Build.0 = Release|Any CPU
		{68372A22-0308-4553-BD26-483F14DC56B5}.Release|x86.ActiveCfg = Release|Any CPU
		{68372A22-0308-4553-BD26-483F14DC56B5}.Release|x86.Build.0 = Release|Any CPU
		{E3300030-8B02-4976-AC8A-5F76BF021C48}.Debug|Any CPU.ActiveCfg = Debug|Any CPU
		{E3300030-8B02-4976-AC8A-5F76BF021C48}.Debug|Any CPU.Build.0 = Debug|Any CPU
		{E3300030-8B02-4976-AC8A-5F76BF021C48}.Debug|x64.ActiveCfg = Debug|Any CPU
		{E3300030-8B02-4976-AC8A-5F76BF021C48}.Debug|x64.Build.0 = Debug|Any CPU
		{E3300030-8B02-4976-AC8A-5F76BF021C48}.Debug|x86.ActiveCfg = Debug|Any CPU
		{E3300030-8B02-4976-AC8A-5F76BF021C48}.Debug|x86.Build.0 = Debug|Any CPU
		{E3300030-8B02-4976-AC8A-5F76BF021C48}.Release|Any CPU.ActiveCfg = Release|Any CPU
		{E3300030-8B02-4976-AC8A-5F76BF021C48}.Release|Any CPU.Build.0 = Release|Any CPU
		{E3300030-8B02-4976-AC8A-5F76BF021C48}.Release|x64.ActiveCfg = Release|Any CPU
		{E3300030-8B02-4976-AC8A-5F76BF021C48}.Release|x64.Build.0 = Release|Any CPU
		{E3300030-8B02-4976-AC8A-5F76BF021C48}.Release|x86.ActiveCfg = Release|Any CPU
		{E3300030-8B02-4976-AC8A-5F76BF021C48}.Release|x86.Build.0 = Release|Any CPU
		{C8BB65D9-8878-4D7C-99D7-0CAF4915CA08}.Debug|Any CPU.ActiveCfg = Debug|Any CPU
		{C8BB65D9-8878-4D7C-99D7-0CAF4915CA08}.Debug|Any CPU.Build.0 = Debug|Any CPU
		{C8BB65D9-8878-4D7C-99D7-0CAF4915CA08}.Debug|x64.ActiveCfg = Debug|Any CPU
		{C8BB65D9-8878-4D7C-99D7-0CAF4915CA08}.Debug|x64.Build.0 = Debug|Any CPU
		{C8BB65D9-8878-4D7C-99D7-0CAF4915CA08}.Debug|x86.ActiveCfg = Debug|Any CPU
		{C8BB65D9-8878-4D7C-99D7-0CAF4915CA08}.Debug|x86.Build.0 = Debug|Any CPU
		{C8BB65D9-8878-4D7C-99D7-0CAF4915CA08}.Release|Any CPU.ActiveCfg = Release|Any CPU
		{C8BB65D9-8878-4D7C-99D7-0CAF4915CA08}.Release|Any CPU.Build.0 = Release|Any CPU
		{C8BB65D9-8878-4D7C-99D7-0CAF4915CA08}.Release|x64.ActiveCfg = Release|Any CPU
		{C8BB65D9-8878-4D7C-99D7-0CAF4915CA08}.Release|x64.Build.0 = Release|Any CPU
		{C8BB65D9-8878-4D7C-99D7-0CAF4915CA08}.Release|x86.ActiveCfg = Release|Any CPU
		{C8BB65D9-8878-4D7C-99D7-0CAF4915CA08}.Release|x86.Build.0 = Release|Any CPU
		{FB97A7CF-EA7F-45DE-8DDD-1877A2331C1C}.Debug|Any CPU.ActiveCfg = Debug|Any CPU
		{FB97A7CF-EA7F-45DE-8DDD-1877A2331C1C}.Debug|Any CPU.Build.0 = Debug|Any CPU
		{FB97A7CF-EA7F-45DE-8DDD-1877A2331C1C}.Debug|x64.ActiveCfg = Debug|Any CPU
		{FB97A7CF-EA7F-45DE-8DDD-1877A2331C1C}.Debug|x64.Build.0 = Debug|Any CPU
		{FB97A7CF-EA7F-45DE-8DDD-1877A2331C1C}.Debug|x86.ActiveCfg = Debug|Any CPU
		{FB97A7CF-EA7F-45DE-8DDD-1877A2331C1C}.Debug|x86.Build.0 = Debug|Any CPU
		{FB97A7CF-EA7F-45DE-8DDD-1877A2331C1C}.Release|Any CPU.ActiveCfg = Release|Any CPU
		{FB97A7CF-EA7F-45DE-8DDD-1877A2331C1C}.Release|Any CPU.Build.0 = Release|Any CPU
		{FB97A7CF-EA7F-45DE-8DDD-1877A2331C1C}.Release|x64.ActiveCfg = Release|Any CPU
		{FB97A7CF-EA7F-45DE-8DDD-1877A2331C1C}.Release|x64.Build.0 = Release|Any CPU
		{FB97A7CF-EA7F-45DE-8DDD-1877A2331C1C}.Release|x86.ActiveCfg = Release|Any CPU
		{FB97A7CF-EA7F-45DE-8DDD-1877A2331C1C}.Release|x86.Build.0 = Release|Any CPU
	EndGlobalSection
	GlobalSection(SolutionProperties) = preSolution
		HideSolutionNode = FALSE
	EndGlobalSection
EndGlobal
